
Microsoft Visual Studio Solution File, Format Version 12.00
# Visual Studio Version 17
VisualStudioVersion = 17.7.34024.191
MinimumVisualStudioVersion = 10.0.40219.1
Project("{FAE04EC0-301F-11D3-BF4B-00C04F79EFBC}") = "DS_Assgiemnt2", "DS_Assgiemnt2\DS_Assgiemnt2.csproj", "{C5DE4868-3FE8-4777-A547-C1AEB9E5FA96}"
EndProject
Global
	GlobalSection(SolutionConfigurationPlatforms) = preSolution
		Debug|Any CPU = Debug|Any CPU
		Release|Any CPU = Release|Any CPU
	EndGlobalSection
	GlobalSection(ProjectConfigurationPlatforms) = postSolution
		{C5DE4868-3FE8-4777-A547-C1AEB9E5FA96}.Debug|Any CPU.ActiveCfg = Debug|Any CPU
		{C5DE4868-3FE8-4777-A547-C1AEB9E5FA96}.Debug|Any CPU.Build.0 = Debug|Any CPU
		{C5DE4868-3FE8-4777-A547-C1AEB9E5FA96}.Release|Any CPU.ActiveCfg = Release|Any CPU
		{C5DE4868-3FE8-4777-A547-C1AEB9E5FA96}.Release|Any CPU.Build.0 = Release|Any CPU
	EndGlobalSection
	GlobalSection(SolutionProperties) = preSolution
		HideSolutionNode = FALSE
	EndGlobalSection
	GlobalSection(ExtensibilityGlobals) = postSolution
		SolutionGuid = {65336CDE-E564-412B-96BE-49E04AF80BB7}
	EndGlobalSection
EndGlobal
